// !$*UTF8*$!
{
	archiveVersion = 1;
	classes = {
	};
	objectVersion = 46;
	objects = {

/* Begin PBXBuildFile section */
		18C777DF1D08182C00E81EBE /* AppDelegate.swift in Sources */ = {isa = PBXBuildFile; fileRef = 18C777DE1D08182C00E81EBE /* AppDelegate.swift */; };
		18C777E11D08182C00E81EBE /* ViewController.swift in Sources */ = {isa = PBXBuildFile; fileRef = 18C777E01D08182C00E81EBE /* ViewController.swift */; };
		18C777E41D08182C00E81EBE /* Main.storyboard in Resources */ = {isa = PBXBuildFile; fileRef = 18C777E21D08182C00E81EBE /* Main.storyboard */; };
		18C777E61D08182C00E81EBE /* Assets.xcassets in Resources */ = {isa = PBXBuildFile; fileRef = 18C777E51D08182C00E81EBE /* Assets.xcassets */; };
		18C777E91D08182C00E81EBE /* LaunchScreen.storyboard in Resources */ = {isa = PBXBuildFile; fileRef = 18C777E71D08182C00E81EBE /* LaunchScreen.storyboard */; };
		18C777F41D08182D00E81EBE /* CustomTextViewExampleTests.swift in Sources */ = {isa = PBXBuildFile; fileRef = 18C777F31D08182D00E81EBE /* CustomTextViewExampleTests.swift */; };
		18C777FF1D08182D00E81EBE /* CustomTextViewExampleUITests.swift in Sources */ = {isa = PBXBuildFile; fileRef = 18C777FE1D08182D00E81EBE /* CustomTextViewExampleUITests.swift */; };
		18C7780E1D08198700E81EBE /* SizeableTextView.swift in Sources */ = {isa = PBXBuildFile; fileRef = 18C7780D1D08198700E81EBE /* SizeableTextView.swift */; };
		18C778101D081C2600E81EBE /* CustomTextView.swift in Sources */ = {isa = PBXBuildFile; fileRef = 18C7780F1D081C2600E81EBE /* CustomTextView.swift */; };
/* End PBXBuildFile section */

/* Begin PBXContainerItemProxy section */
		18C777F01D08182D00E81EBE /* PBXContainerItemProxy */ = {
			isa = PBXContainerItemProxy;
			containerPortal = 18C777D31D08182C00E81EBE /* Project object */;
			proxyType = 1;
			remoteGlobalIDString = 18C777DA1D08182C00E81EBE;
			remoteInfo = CustomTextViewExample;
		};
		18C777FB1D08182D00E81EBE /* PBXContainerItemProxy */ = {
			isa = PBXContainerItemProxy;
			containerPortal = 18C777D31D08182C00E81EBE /* Project object */;
			proxyType = 1;
			remoteGlobalIDString = 18C777DA1D08182C00E81EBE;
			remoteInfo = CustomTextViewExample;
		};
/* End PBXContainerItemProxy section */

/* Begin PBXFileReference section */
		18C777DB1D08182C00E81EBE /* CustomTextViewExample.app */ = {isa = PBXFileReference; explicitFileType = wrapper.application; includeInIndex = 0; path = CustomTextViewExample.app; sourceTree = BUILT_PRODUCTS_DIR; };
		18C777DE1D08182C00E81EBE /* AppDelegate.swift */ = {isa = PBXFileReference; lastKnownFileType = sourcecode.swift; path = AppDelegate.swift; sourceTree = "<group>"; };
		18C777E01D08182C00E81EBE /* ViewController.swift */ = {isa = PBXFileReference; lastKnownFileType = sourcecode.swift; path = ViewController.swift; sourceTree = "<group>"; };
		18C777E31D08182C00E81EBE /* Base */ = {isa = PBXFileReference; lastKnownFileType = file.storyboard; name = Base; path = Base.lproj/Main.storyboard; sourceTree = "<group>"; };
		18C777E51D08182C00E81EBE /* Assets.xcassets */ = {isa = PBXFileReference; lastKnownFileType = folder.assetcatalog; path = Assets.xcassets; sourceTree = "<group>"; };
		18C777E81D08182C00E81EBE /* Base */ = {isa = PBXFileReference; lastKnownFileType = file.storyboard; name = Base; path = Base.lproj/LaunchScreen.storyboard; sourceTree = "<group>"; };
		18C777EA1D08182C00E81EBE /* Info.plist */ = {isa = PBXFileReference; lastKnownFileType = text.plist.xml; path = Info.plist; sourceTree = "<group>"; };
		18C777EF1D08182D00E81EBE /* CustomTextViewExampleTests.xctest */ = {isa = PBXFileReference; explicitFileType = wrapper.cfbundle; includeInIndex = 0; path = CustomTextViewExampleTests.xctest; sourceTree = BUILT_PRODUCTS_DIR; };
		18C777F31D08182D00E81EBE /* CustomTextViewExampleTests.swift */ = {isa = PBXFileReference; lastKnownFileType = sourcecode.swift; path = CustomTextViewExampleTests.swift; sourceTree = "<group>"; };
		18C777F51D08182D00E81EBE /* Info.plist */ = {isa = PBXFileReference; lastKnownFileType = text.plist.xml; path = Info.plist; sourceTree = "<group>"; };
		18C777FA1D08182D00E81EBE /* CustomTextViewExampleUITests.xctest */ = {isa = PBXFileReference; explicitFileType = wrapper.cfbundle; includeInIndex = 0; path = CustomTextViewExampleUITests.xctest; sourceTree = BUILT_PRODUCTS_DIR; };
		18C777FE1D08182D00E81EBE /* CustomTextViewExampleUITests.swift */ = {isa = PBXFileReference; lastKnownFileType = sourcecode.swift; path = CustomTextViewExampleUITests.swift; sourceTree = "<group>"; };
		18C778001D08182D00E81EBE /* Info.plist */ = {isa = PBXFileReference; lastKnownFileType = text.plist.xml; path = Info.plist; sourceTree = "<group>"; };
		18C7780D1D08198700E81EBE /* SizeableTextView.swift */ = {isa = PBXFileReference; fileEncoding = 4; lastKnownFileType = sourcecode.swift; path = SizeableTextView.swift; sourceTree = "<group>"; };
		18C7780F1D081C2600E81EBE /* CustomTextView.swift */ = {isa = PBXFileReference; fileEncoding = 4; lastKnownFileType = sourcecode.swift; path = CustomTextView.swift; sourceTree = "<group>"; };
/* End PBXFileReference section */

/* Begin PBXFrameworksBuildPhase section */
		18C777D81D08182C00E81EBE /* Frameworks */ = {
			isa = PBXFrameworksBuildPhase;
			buildActionMask = 2147483647;
			files = (
			);
			runOnlyForDeploymentPostprocessing = 0;
		};
		18C777EC1D08182D00E81EBE /* Frameworks */ = {
			isa = PBXFrameworksBuildPhase;
			buildActionMask = 2147483647;
			files = (
			);
			runOnlyForDeploymentPostprocessing = 0;
		};
		18C777F71D08182D00E81EBE /* Frameworks */ = {
			isa = PBXFrameworksBuildPhase;
			buildActionMask = 2147483647;
			files = (
			);
			runOnlyForDeploymentPostprocessing = 0;
		};
/* End PBXFrameworksBuildPhase section */

/* Begin PBXGroup section */
		18C777D21D08182C00E81EBE = {
			isa = PBXGroup;
			children = (
				18C777DD1D08182C00E81EBE /* CustomTextViewExample */,
				18C777F21D08182D00E81EBE /* CustomTextViewExampleTests */,
				18C777FD1D08182D00E81EBE /* CustomTextViewExampleUITests */,
				18C777DC1D08182C00E81EBE /* Products */,
			);
			sourceTree = "<group>";
		};
		18C777DC1D08182C00E81EBE /* Products */ = {
			isa = PBXGroup;
			children = (
				18C777DB1D08182C00E81EBE /* CustomTextViewExample.app */,
				18C777EF1D08182D00E81EBE /* CustomTextViewExampleTests.xctest */,
				18C777FA1D08182D00E81EBE /* CustomTextViewExampleUITests.xctest */,
			);
			name = Products;
			sourceTree = "<group>";
		};
		18C777DD1D08182C00E81EBE /* CustomTextViewExample */ = {
			isa = PBXGroup;
			children = (
				18C7780C1D08194A00E81EBE /* CustomTextView */,
				18C777DE1D08182C00E81EBE /* AppDelegate.swift */,
				18C777E01D08182C00E81EBE /* ViewController.swift */,
				18C777E21D08182C00E81EBE /* Main.storyboard */,
				18C777E51D08182C00E81EBE /* Assets.xcassets */,
				18C777E71D08182C00E81EBE /* LaunchScreen.storyboard */,
				18C777EA1D08182C00E81EBE /* Info.plist */,
			);
			path = CustomTextViewExample;
			sourceTree = "<group>";
		};
		18C777F21D08182D00E81EBE /* CustomTextViewExampleTests */ = {
			isa = PBXGroup;
			children = (
				18C777F31D08182D00E81EBE /* CustomTextViewExampleTests.swift */,
				18C777F51D08182D00E81EBE /* Info.plist */,
			);
			path = CustomTextViewExampleTests;
			sourceTree = "<group>";
		};
		18C777FD1D08182D00E81EBE /* CustomTextViewExampleUITests */ = {
			isa = PBXGroup;
			children = (
				18C777FE1D08182D00E81EBE /* CustomTextViewExampleUITests.swift */,
				18C778001D08182D00E81EBE /* Info.plist */,
			);
			path = CustomTextViewExampleUITests;
			sourceTree = "<group>";
		};
		18C7780C1D08194A00E81EBE /* CustomTextView */ = {
			isa = PBXGroup;
			children = (
				18C7780D1D08198700E81EBE /* SizeableTextView.swift */,
				18C7780F1D081C2600E81EBE /* CustomTextView.swift */,
			);
			path = CustomTextView;
			sourceTree = "<group>";
		};
/* End PBXGroup section */

/* Begin PBXNativeTarget section */
		18C777DA1D08182C00E81EBE /* CustomTextViewExample */ = {
			isa = PBXNativeTarget;
			buildConfigurationList = 18C778031D08182D00E81EBE /* Build configuration list for PBXNativeTarget "CustomTextViewExample" */;
			buildPhases = (
				18C777D71D08182C00E81EBE /* Sources */,
				18C777D81D08182C00E81EBE /* Frameworks */,
				18C777D91D08182C00E81EBE /* Resources */,
			);
			buildRules = (
			);
			dependencies = (
			);
			name = CustomTextViewExample;
			productName = CustomTextViewExample;
			productReference = 18C777DB1D08182C00E81EBE /* CustomTextViewExample.app */;
			productType = "com.apple.product-type.application";
		};
		18C777EE1D08182D00E81EBE /* CustomTextViewExampleTests */ = {
			isa = PBXNativeTarget;
			buildConfigurationList = 18C778061D08182D00E81EBE /* Build configuration list for PBXNativeTarget "CustomTextViewExampleTests" */;
			buildPhases = (
				18C777EB1D08182D00E81EBE /* Sources */,
				18C777EC1D08182D00E81EBE /* Frameworks */,
				18C777ED1D08182D00E81EBE /* Resources */,
			);
			buildRules = (
			);
			dependencies = (
				18C777F11D08182D00E81EBE /* PBXTargetDependency */,
			);
			name = CustomTextViewExampleTests;
			productName = CustomTextViewExampleTests;
			productReference = 18C777EF1D08182D00E81EBE /* CustomTextViewExampleTests.xctest */;
			productType = "com.apple.product-type.bundle.unit-test";
		};
		18C777F91D08182D00E81EBE /* CustomTextViewExampleUITests */ = {
			isa = PBXNativeTarget;
			buildConfigurationList = 18C778091D08182D00E81EBE /* Build configuration list for PBXNativeTarget "CustomTextViewExampleUITests" */;
			buildPhases = (
				18C777F61D08182D00E81EBE /* Sources */,
				18C777F71D08182D00E81EBE /* Frameworks */,
				18C777F81D08182D00E81EBE /* Resources */,
			);
			buildRules = (
			);
			dependencies = (
				18C777FC1D08182D00E81EBE /* PBXTargetDependency */,
			);
			name = CustomTextViewExampleUITests;
			productName = CustomTextViewExampleUITests;
			productReference = 18C777FA1D08182D00E81EBE /* CustomTextViewExampleUITests.xctest */;
			productType = "com.apple.product-type.bundle.ui-testing";
		};
/* End PBXNativeTarget section */

/* Begin PBXProject section */
		18C777D31D08182C00E81EBE /* Project object */ = {
			isa = PBXProject;
			attributes = {
				LastSwiftUpdateCheck = 0730;
				LastUpgradeCheck = 0730;
				ORGANIZATIONNAME = "Sunil Sharma";
				TargetAttributes = {
					18C777DA1D08182C00E81EBE = {
						CreatedOnToolsVersion = 7.3;
						DevelopmentTeam = G8YA62LZP7;
					};
					18C777EE1D08182D00E81EBE = {
						CreatedOnToolsVersion = 7.3;
						TestTargetID = 18C777DA1D08182C00E81EBE;
					};
					18C777F91D08182D00E81EBE = {
						CreatedOnToolsVersion = 7.3;
						TestTargetID = 18C777DA1D08182C00E81EBE;
					};
				};
			};
			buildConfigurationList = 18C777D61D08182C00E81EBE /* Build configuration list for PBXProject "CustomTextViewExample" */;
			compatibilityVersion = "Xcode 3.2";
			developmentRegion = English;
			hasScannedForEncodings = 0;
			knownRegions = (
				en,
				Base,
			);
			mainGroup = 18C777D21D08182C00E81EBE;
			productRefGroup = 18C777DC1D08182C00E81EBE /* Products */;
			projectDirPath = "";
			projectRoot = "";
			targets = (
				18C777DA1D08182C00E81EBE /* CustomTextViewExample */,
				18C777EE1D08182D00E81EBE /* CustomTextViewExampleTests */,
				18C777F91D08182D00E81EBE /* CustomTextViewExampleUITests */,
			);
		};
/* End PBXProject section */

/* Begin PBXResourcesBuildPhase section */
		18C777D91D08182C00E81EBE /* Resources */ = {
			isa = PBXResourcesBuildPhase;
			buildActionMask = 2147483647;
			files = (
				18C777E91D08182C00E81EBE /* LaunchScreen.storyboard in Resources */,
				18C777E61D08182C00E81EBE /* Assets.xcassets in Resources */,
				18C777E41D08182C00E81EBE /* Main.storyboard in Resources */,
			);
			runOnlyForDeploymentPostprocessing = 0;
		};
		18C777ED1D08182D00E81EBE /* Resources */ = {
			isa = PBXResourcesBuildPhase;
			buildActionMask = 2147483647;
			files = (
			);
			runOnlyForDeploymentPostprocessing = 0;
		};
		18C777F81D08182D00E81EBE /* Resources */ = {
			isa = PBXResourcesBuildPhase;
			buildActionMask = 2147483647;
			files = (
			);
			runOnlyForDeploymentPostprocessing = 0;
		};
/* End PBXResourcesBuildPhase section */

/* Begin PBXSourcesBuildPhase section */
		18C777D71D08182C00E81EBE /* Sources */ = {
			isa = PBXSourcesBuildPhase;
			buildActionMask = 2147483647;
			files = (
				18C777E11D08182C00E81EBE /* ViewController.swift in Sources */,
				18C777DF1D08182C00E81EBE /* AppDelegate.swift in Sources */,
				18C778101D081C2600E81EBE /* CustomTextView.swift in Sources */,
				18C7780E1D08198700E81EBE /* SizeableTextView.swift in Sources */,
			);
			runOnlyForDeploymentPostprocessing = 0;
		};
		18C777EB1D08182D00E81EBE /* Sources */ = {
			isa = PBXSourcesBuildPhase;
			buildActionMask = 2147483647;
			files = (
				18C777F41D08182D00E81EBE /* CustomTextViewExampleTests.swift in Sources */,
			);
			runOnlyForDeploymentPostprocessing = 0;
		};
		18C777F61D08182D00E81EBE /* Sources */ = {
			isa = PBXSourcesBuildPhase;
			buildActionMask = 2147483647;
			files = (
				18C777FF1D08182D00E81EBE /* CustomTextViewExampleUITests.swift in Sources */,
			);
			runOnlyForDeploymentPostprocessing = 0;
		};
/* End PBXSourcesBuildPhase section */

/* Begin PBXTargetDependency section */
		18C777F11D08182D00E81EBE /* PBXTargetDependency */ = {
			isa = PBXTargetDependency;
			target = 18C777DA1D08182C00E81EBE /* CustomTextViewExample */;
			targetProxy = 18C777F01D08182D00E81EBE /* PBXContainerItemProxy */;
		};
		18C777FC1D08182D00E81EBE /* PBXTargetDependency */ = {
			isa = PBXTargetDependency;
			target = 18C777DA1D08182C00E81EBE /* CustomTextViewExample */;
			targetProxy = 18C777FB1D08182D00E81EBE /* PBXContainerItemProxy */;
		};
/* End PBXTargetDependency section */

/* Begin PBXVariantGroup section */
		18C777E21D08182C00E81EBE /* Main.storyboard */ = {
			isa = PBXVariantGroup;
			children = (
				18C777E31D08182C00E81EBE /* Base */,
			);
			name = Main.storyboard;
			sourceTree = "<group>";
		};
		18C777E71D08182C00E81EBE /* LaunchScreen.storyboard */ = {
			isa = PBXVariantGroup;
			children = (
				18C777E81D08182C00E81EBE /* Base */,
			);
			name = LaunchScreen.storyboard;
			sourceTree = "<group>";
		};
/* End PBXVariantGroup section */

/* Begin XCBuildConfiguration section */
		18C778011D08182D00E81EBE /* Debug */ = {
			isa = XCBuildConfiguration;
			buildSettings = {
				ALWAYS_SEARCH_USER_PATHS = NO;
				CLANG_ANALYZER_NONNULL = YES;
				CLANG_CXX_LANGUAGE_STANDARD = "gnu++0x";
				CLANG_CXX_LIBRARY = "libc++";
				CLANG_ENABLE_MODULES = YES;
				CLANG_ENABLE_OBJC_ARC = YES;
				CLANG_WARN_BOOL_CONVERSION = YES;
				CLANG_WARN_CONSTANT_CONVERSION = YES;
				CLANG_WARN_DIRECT_OBJC_ISA_USAGE = YES_ERROR;
				CLANG_WARN_EMPTY_BODY = YES;
				CLANG_WARN_ENUM_CONVERSION = YES;
				CLANG_WARN_INT_CONVERSION = YES;
				CLANG_WARN_OBJC_ROOT_CLASS = YES_ERROR;
				CLANG_WARN_UNREACHABLE_CODE = YES;
				CLANG_WARN__DUPLICATE_METHOD_MATCH = YES;
				"CODE_SIGN_IDENTITY[sdk=iphoneos*]" = "iPhone Developer";
				COPY_PHASE_STRIP = NO;
				DEBUG_INFORMATION_FORMAT = dwarf;
				ENABLE_STRICT_OBJC_MSGSEND = YES;
				ENABLE_TESTABILITY = YES;
				GCC_C_LANGUAGE_STANDARD = gnu99;
				GCC_DYNAMIC_NO_PIC = NO;
				GCC_NO_COMMON_BLOCKS = YES;
				GCC_OPTIMIZATION_LEVEL = 0;
				GCC_PREPROCESSOR_DEFINITIONS = (
					"DEBUG=1",
					"$(inherited)",
				);
				GCC_WARN_64_TO_32_BIT_CONVERSION = YES;
				GCC_WARN_ABOUT_RETURN_TYPE = YES_ERROR;
				GCC_WARN_UNDECLARED_SELECTOR = YES;
				GCC_WARN_UNINITIALIZED_AUTOS = YES_AGGRESSIVE;
				GCC_WARN_UNUSED_FUNCTION = YES;
				GCC_WARN_UNUSED_VARIABLE = YES;
				IPHONEOS_DEPLOYMENT_TARGET = 7.0;
				MTL_ENABLE_DEBUG_INFO = YES;
				ONLY_ACTIVE_ARCH = YES;
				SDKROOT = iphoneos;
				SWIFT_OPTIMIZATION_LEVEL = "-Onone";
				TARGETED_DEVICE_FAMILY = "1,2";
			};
			name = Debug;
		};
		18C778021D08182D00E81EBE /* Release */ = {
			isa = XCBuildConfiguration;
			buildSettings = {
				ALWAYS_SEARCH_USER_PATHS = NO;
				CLANG_ANALYZER_NONNULL = YES;
				CLANG_CXX_LANGUAGE_STANDARD = "gnu++0x";
				CLANG_CXX_LIBRARY = "libc++";
				CLANG_ENABLE_MODULES = YES;
				CLANG_ENABLE_OBJC_ARC = YES;
				CLANG_WARN_BOOL_CONVERSION = YES;
				CLANG_WARN_CONSTANT_CONVERSION = YES;
				CLANG_WARN_DIRECT_OBJC_ISA_USAGE = YES_ERROR;
				CLANG_WARN_EMPTY_BODY = YES;
				CLANG_WARN_ENUM_CONVERSION = YES;
				CLANG_WARN_INT_CONVERSION = YES;
				CLANG_WARN_OBJC_ROOT_CLASS = YES_ERROR;
				CLANG_WARN_UNREACHABLE_CODE = YES;
				CLANG_WARN__DUPLICATE_METHOD_MATCH = YES;
				"CODE_SIGN_IDENTITY[sdk=iphoneos*]" = "iPhone Developer";
				COPY_PHASE_STRIP = NO;
				DEBUG_INFORMATION_FORMAT = "dwarf-with-dsym";
				ENABLE_NS_ASSERTIONS = NO;
				ENABLE_STRICT_OBJC_MSGSEND = YES;
				GCC_C_LANGUAGE_STANDARD = gnu99;
				GCC_NO_COMMON_BLOCKS = YES;
				GCC_WARN_64_TO_32_BIT_CONVERSION = YES;
				GCC_WARN_ABOUT_RETURN_TYPE = YES_ERROR;
				GCC_WARN_UNDECLARED_SELECTOR = YES;
				GCC_WARN_UNINITIALIZED_AUTOS = YES_AGGRESSIVE;
				GCC_WARN_UNUSED_FUNCTION = YES;
				GCC_WARN_UNUSED_VARIABLE = YES;
				IPHONEOS_DEPLOYMENT_TARGET = 7.0;
				MTL_ENABLE_DEBUG_INFO = NO;
				SDKROOT = iphoneos;
				TARGETED_DEVICE_FAMILY = "1,2";
				VALIDATE_PRODUCT = YES;
			};
			name = Release;
		};
		18C778041D08182D00E81EBE /* Debug */ = {
			isa = XCBuildConfiguration;
			buildSettings = {
				ASSETCATALOG_COMPILER_APPICON_NAME = AppIcon;
				CODE_SIGN_IDENTITY = "iPhone Developer";
				INFOPLIST_FILE = CustomTextViewExample/Info.plist;
				LD_RUNPATH_SEARCH_PATHS = "$(inherited) @executable_path/Frameworks";
				PRODUCT_BUNDLE_IDENTIFIER = com.sunilsharma.CustomTextViewExample;
				PRODUCT_NAME = "$(TARGET_NAME)";
				TARGETED_DEVICE_FAMILY = 1;
			};
			name = Debug;
		};
		18C778051D08182D00E81EBE /* Release */ = {
			isa = XCBuildConfiguration;
			buildSettings = {
				ASSETCATALOG_COMPILER_APPICON_NAME = AppIcon;
				CODE_SIGN_IDENTITY = "iPhone Developer";
				INFOPLIST_FILE = CustomTextViewExample/Info.plist;
				LD_RUNPATH_SEARCH_PATHS = "$(inherited) @executable_path/Frameworks";
				PRODUCT_BUNDLE_IDENTIFIER = com.sunilsharma.CustomTextViewExample;
				PRODUCT_NAME = "$(TARGET_NAME)";
				TARGETED_DEVICE_FAMILY = 1;
			};
			name = Release;
		};
		18C778071D08182D00E81EBE /* Debug */ = {
			isa = XCBuildConfiguration;
			buildSettings = {
				BUNDLE_LOADER = "$(TEST_HOST)";
				INFOPLIST_FILE = CustomTextViewExampleTests/Info.plist;
				LD_RUNPATH_SEARCH_PATHS = "$(inherited) @executable_path/Frameworks @loader_path/Frameworks";
				PRODUCT_BUNDLE_IDENTIFIER = com.sunilsharma.CustomTextViewExampleTests;
				PRODUCT_NAME = "$(TARGET_NAME)";
				TEST_HOST = "$(BUILT_PRODUCTS_DIR)/CustomTextViewExample.app/CustomTextViewExample";
			};
			name = Debug;
		};
		18C778081D08182D00E81EBE /* Release */ = {
			isa = XCBuildConfiguration;
			buildSettings = {
				BUNDLE_LOADER = "$(TEST_HOST)";
				INFOPLIST_FILE = CustomTextViewExampleTests/Info.plist;
				LD_RUNPATH_SEARCH_PATHS = "$(inherited) @executable_path/Frameworks @loader_path/Frameworks";
				PRODUCT_BUNDLE_IDENTIFIER = com.sunilsharma.CustomTextViewExampleTests;
				PRODUCT_NAME = "$(TARGET_NAME)";
				TEST_HOST = "$(BUILT_PRODUCTS_DIR)/CustomTextViewExample.app/CustomTextViewExample";
			};
			name = Release;
		};
		18C7780A1D08182D00E81EBE /* Debug */ = {
			isa = XCBuildConfiguration;
			buildSettings = {
				INFOPLIST_FILE = CustomTextViewExampleUITests/Info.plist;
				LD_RUNPATH_SEARCH_PATHS = "$(inherited) @executable_path/Frameworks @loader_path/Frameworks";
				PRODUCT_BUNDLE_IDENTIFIER = com.sunilsharma.CustomTextViewExampleUITests;
				PRODUCT_NAME = "$(TARGET_NAME)";
				TEST_TARGET_NAME = CustomTextViewExample;
			};
			name = Debug;
		};
		18C7780B1D08182D00E81EBE /* Release */ = {
			isa = XCBuildConfiguration;
			buildSettings = {
				INFOPLIST_FILE = CustomTextViewExampleUITests/Info.plist;
				LD_RUNPATH_SEARCH_PATHS = "$(inherited) @executable_path/Frameworks @loader_path/Frameworks";
				PRODUCT_BUNDLE_IDENTIFIER = com.sunilsharma.CustomTextViewExampleUITests;
				PRODUCT_NAME = "$(TARGET_NAME)";
				TEST_TARGET_NAME = CustomTextViewExample;
			};
			name = Release;
		};
/* End XCBuildConfiguration section */

/* Begin XCConfigurationList section */
		18C777D61D08182C00E81EBE /* Build configuration list for PBXProject "CustomTextViewExample" */ = {
			isa = XCConfigurationList;
			buildConfigurations = (
				18C778011D08182D00E81EBE /* Debug */,
				18C778021D08182D00E81EBE /* Release */,
			);
			defaultConfigurationIsVisible = 0;
			defaultConfigurationName = Release;
		};
		18C778031D08182D00E81EBE /* Build configuration list for PBXNativeTarget "CustomTextViewExample" */ = {
			isa = XCConfigurationList;
			buildConfigurations = (
				18C778041D08182D00E81EBE /* Debug */,
				18C778051D08182D00E81EBE /* Release */,
			);
			defaultConfigurationIsVisible = 0;
			defaultConfigurationName = Release;
		};
		18C778061D08182D00E81EBE /* Build configuration list for PBXNativeTarget "CustomTextViewExampleTests" */ = {
			isa = XCConfigurationList;
			buildConfigurations = (
				18C778071D08182D00E81EBE /* Debug */,
				18C778081D08182D00E81EBE /* Release */,
			);
			defaultConfigurationIsVisible = 0;
			defaultConfigurationName = Release;
		};
		18C778091D08182D00E81EBE /* Build configuration list for PBXNativeTarget "CustomTextViewExampleUITests" */ = {
			isa = XCConfigurationList;
			buildConfigurations = (
				18C7780A1D08182D00E81EBE /* Debug */,
				18C7780B1D08182D00E81EBE /* Release */,
			);
			defaultConfigurationIsVisible = 0;
			defaultConfigurationName = Release;
		};
/* End XCConfigurationList section */
	};
	rootObject = 18C777D31D08182C00E81EBE /* Project object */;
}
